
Microsoft Visual Studio Solution File, Format Version 12.00
# Visual Studio 2013
VisualStudioVersion = 12.0.21005.1
MinimumVisualStudioVersion = 10.0.40219.1
Project("{FAE04EC0-301F-11D3-BF4B-00C04F79EFBC}") = "SozialHeap", "SozialHeap\SozialHeap.csproj", "{BA4144D6-B5A4-43C4-A092-05CD1A85C26A}"
EndProject
Project("{FAE04EC0-301F-11D3-BF4B-00C04F79EFBC}") = "SozialHeap.Tests", "SozialHeap.Tests\SozialHeap.Tests.csproj", "{1AA6B7DE-5537-490F-8E0E-F0C060D21B05}"
EndProject
Global
	GlobalSection(SolutionConfigurationPlatforms) = preSolution
		Debug|Any CPU = Debug|Any CPU
		Release|Any CPU = Release|Any CPU
	EndGlobalSection
	GlobalSection(ProjectConfigurationPlatforms) = postSolution
		{BA4144D6-B5A4-43C4-A092-05CD1A85C26A}.Debug|Any CPU.ActiveCfg = Debug|Any CPU
		{BA4144D6-B5A4-43C4-A092-05CD1A85C26A}.Debug|Any CPU.Build.0 = Debug|Any CPU
		{BA4144D6-B5A4-43C4-A092-05CD1A85C26A}.Release|Any CPU.ActiveCfg = Release|Any CPU
		{BA4144D6-B5A4-43C4-A092-05CD1A85C26A}.Release|Any CPU.Build.0 = Release|Any CPU
		{1AA6B7DE-5537-490F-8E0E-F0C060D21B05}.Debug|Any CPU.ActiveCfg = Debug|Any CPU
		{1AA6B7DE-5537-490F-8E0E-F0C060D21B05}.Debug|Any CPU.Build.0 = Debug|Any CPU
		{1AA6B7DE-5537-490F-8E0E-F0C060D21B05}.Release|Any CPU.ActiveCfg = Release|Any CPU
		{1AA6B7DE-5537-490F-8E0E-F0C060D21B05}.Release|Any CPU.Build.0 = Release|Any CPU
	EndGlobalSection
	GlobalSection(SolutionProperties) = preSolution
		HideSolutionNode = FALSE
	EndGlobalSection
EndGlobal
